PODS:
  - Expecta (0.3.1)
  - Specta (0.2.1)
  - stacks-ios (0.1.0)

DEPENDENCIES:
  - Expecta
  - Specta (~> 0.2.1)
  - stacks-ios (from `../`)

EXTERNAL SOURCES:
  stacks-ios:
    :path: ../

SPEC CHECKSUMS:
  Expecta: 03aabd0a89d8dea843baecb19a7fd7466a69a31d
  Specta: 9141310f46b1f68b676650ff2854e1ed0b74163a
  stacks-ios: 784b552e1428f40432e2c6aaeedacaef44e44f32

COCOAPODS: 0.33.1
